
Microsoft Visual Studio Solution File, Format Version 12.00
# Visual Studio Version 17
VisualStudioVersion = 17.5.33627.172
MinimumVisualStudioVersion = 10.0.40219.1
Project("{F184B08F-C81C-45F6-A57F-5ABD9991F28F}") = "Vipro Pixel Compression", "..\Vipro Projects Co\Vipro Pixel Compression\Vipro Pixel Compression.vbproj", "{8B66C449-7CCA-473D-A752-B0418A49582A}"
EndProject
Global
	GlobalSection(SolutionConfigurationPlatforms) = preSolution
		Debug|Any CPU = Debug|Any CPU
		Release|Any CPU = Release|Any CPU
	EndGlobalSection
	GlobalSection(ProjectConfigurationPlatforms) = postSolution
		{8B66C449-7CCA-473D-A752-B0418A49582A}.Debug|Any CPU.ActiveCfg = Debug|Any CPU
		{8B66C449-7CCA-473D-A752-B0418A49582A}.Debug|Any CPU.Build.0 = Debug|Any CPU
		{8B66C449-7CCA-473D-A752-B0418A49582A}.Release|Any CPU.ActiveCfg = Release|Any CPU
		{8B66C449-7CCA-473D-A752-B0418A49582A}.Release|Any CPU.Build.0 = Release|Any CPU
	EndGlobalSection
	GlobalSection(SolutionProperties) = preSolution
		HideSolutionNode = FALSE
	EndGlobalSection
	GlobalSection(ExtensibilityGlobals) = postSolution
		SolutionGuid = {31D013CB-9297-455D-B1A3-FDE953E51AC2}
	EndGlobalSection
EndGlobal
